
Microsoft Visual Studio Solution File, Format Version 12.00
# Visual Studio Version 16
VisualStudioVersion = 16.0.30011.22
MinimumVisualStudioVersion = 10.0.40219.1
Project("{FAE04EC0-301F-11D3-BF4B-00C04F79EFBC}") = "WpfExampleApp", "WpfExampleApp\WpfExampleApp.csproj", "{94E31953-A051-443F-A600-7859DA96527F}"
EndProject
Project("{FAE04EC0-301F-11D3-BF4B-00C04F79EFBC}") = "WpfAppLib", "WpfAppLib\WpfAppLib.csproj", "{26C26886-CAB5-4CE5-B43C-DB6C9E3F548C}"
EndProject
Global
	GlobalSection(SolutionConfigurationPlatforms) = preSolution
		Debug|Any CPU = Debug|Any CPU
		Release|Any CPU = Release|Any CPU
	EndGlobalSection
	GlobalSection(ProjectConfigurationPlatforms) = postSolution
		{94E31953-A051-443F-A600-7859DA96527F}.Debug|Any CPU.ActiveCfg = Debug|Any CPU
		{94E31953-A051-443F-A600-7859DA96527F}.Debug|Any CPU.Build.0 = Debug|Any CPU
		{94E31953-A051-443F-A600-7859DA96527F}.Release|Any CPU.ActiveCfg = Release|Any CPU
		{94E31953-A051-443F-A600-7859DA96527F}.Release|Any CPU.Build.0 = Release|Any CPU
		{26C26886-CAB5-4CE5-B43C-DB6C9E3F548C}.Debug|Any CPU.ActiveCfg = Debug|Any CPU
		{26C26886-CAB5-4CE5-B43C-DB6C9E3F548C}.Debug|Any CPU.Build.0 = Debug|Any CPU
		{26C26886-CAB5-4CE5-B43C-DB6C9E3F548C}.Release|Any CPU.ActiveCfg = Release|Any CPU
		{26C26886-CAB5-4CE5-B43C-DB6C9E3F548C}.Release|Any CPU.Build.0 = Release|Any CPU
	EndGlobalSection
	GlobalSection(SolutionProperties) = preSolution
		HideSolutionNode = FALSE
	EndGlobalSection
	GlobalSection(ExtensibilityGlobals) = postSolution
		SolutionGuid = {E5B4F7F0-DA7A-4910-97B1-E36D40474476}
	EndGlobalSection
EndGlobal
